<?xml version="1.0" encoding="utf-8"?>
<Project ToolsVersion="4.0" xmlns="http://schemas.microsoft.com/developer/msbuild/2003">
  <ItemGroup>
    <Filter Include="src">
      <UniqueIdentifier>{10189856-d6f7-4931-8aa1-a1be89c6ab97}</UniqueIdentifier>
    </Filter>
    <Filter Include="src\ofxMachineVision">
      <UniqueIdentifier>{8ad59e8e-1278-4ef2-bbed-08ef40ead930}</UniqueIdentifier>
    </Filter>
    <Filter Include="src\ofxMachineVision\Device">
      <UniqueIdentifier>{161c2002-8a53-4972-adcd-a8282ac5ee29}</UniqueIdentifier>
    </Filter>
    <Filter Include="src\ofxMachineVision\Grabber">
      <UniqueIdentifier>{acf0ace3-6bd7-4f40-8137-9932a2a4050b}</UniqueIdentifier>
    </Filter>
    <Filter Include="src\ofxMachineVision\Stream">
      <UniqueIdentifier>{8592239b-f986-4be5-9a2b-b6e571c0e1da}</UniqueIdentifier>
    </Filter>
    <Filter Include="src\ofxMachineVision\Utils">
      <UniqueIdentifier>{0b7ebcb1-6e42-481a-9e1e-bcb85ce70740}</UniqueIdentifier>
    </Filter>
  </ItemGroup>
  <ItemGroup>
    <None Include="..\readme.md" />
  </ItemGroup>
  <ItemGroup>
    <ClInclude Include="..\src\ofxMachineVision.h">
      <Filter>src</Filter>
    </ClInclude>
    <ClInclude Include="..\src\ofxMachineVision\Constants.h">
      <Filter>src\ofxMachineVision</Filter>
    </ClInclude>
    <ClInclude Include="..\src\ofxMachineVision\Frame.h">
      <Filter>src\ofxMachineVision</Filter>
    </ClInclude>
    <ClInclude Include="..\src\ofxMachineVision\Specification.h">
      <Filter>src\ofxMachineVision</Filter>
    </ClInclude>
    <ClInclude Include="..\src\ofxMachineVision\Grabber\Simple.h">
      <Filter>src\ofxMachineVision\Grabber</Filter>
    </ClInclude>
    <ClInclude Include="..\src\ofxMachineVision\Device\Base.h">
      <Filter>src\ofxMachineVision\Device</Filter>
    </ClInclude>
    <ClInclude Include="..\src\ofxMachineVision\Device\Blocking.h">
      <Filter>src\ofxMachineVision\Device</Filter>
    </ClInclude>
    <ClInclude Include="..\src\ofxMachineVision\Device\Types.h">
      <Filter>src\ofxMachineVision\Device</Filter>
    </ClInclude>
    <ClInclude Include="..\src\ofxMachineVision\Stream\Recorder.h">
      <Filter>src\ofxMachineVision\Stream</Filter>
    </ClInclude>
    <ClInclude Include="..\src\ofxMachineVision\Grabber\Base.h">
      <Filter>src\ofxMachineVision\Grabber</Filter>
    </ClInclude>
    <ClInclude Include="..\src\ofxMachineVision\Device\Updating.h">
      <Filter>src\ofxMachineVision\Device</Filter>
    </ClInclude>
    <ClInclude Include="..\src\ofxMachineVision\Stream\DiskStreamer.h">
      <Filter>src\ofxMachineVision\Stream</Filter>
    </ClInclude>
    <ClInclude Include="..\src\ofxMachineVision\Utils\ActionQueueThread.h">
      <Filter>src\ofxMachineVision\Utils</Filter>
    </ClInclude>
    <ClInclude Include="..\src\ofxMachineVision\Device\Callback.h">
      <Filter>src\ofxMachineVision\Device</Filter>
    </ClInclude>
    <ClInclude Include="..\src\ofxMachineVision\Device\FactoryRegister.h">
      <Filter>src\ofxMachineVision\Device</Filter>
    </ClInclude>
    <ClInclude Include="..\src\ofxMachineVision\Device\VideoInput.h">
      <Filter>src\ofxMachineVision\Device</Filter>
    </ClInclude>
    <ClInclude Include="..\src\ofxMachineVision\Device\NullDevice.h">
      <Filter>src\ofxMachineVision\Device</Filter>
    </ClInclude>
    <ClInclude Include="..\src\ofxMachineVision\Device\VideoPlayer.h">
      <Filter>src\ofxMachineVision\Device</Filter>
    </ClInclude>
    <ClInclude Include="..\src\ofxMachineVision\Parameter.h">
      <Filter>src\ofxMachineVision</Filter>
    </ClInclude>
    <ClInclude Include="..\src\ofxMachineVision\Utils\FramePool.h">
      <Filter>src\ofxMachineVision\Utils</Filter>
    </ClInclude>
  </ItemGroup>
  <ItemGroup>
    <ClCompile Include="..\src\ofxMachineVision\Specification.cpp">
      <Filter>src\ofxMachineVision</Filter>
    </ClCompile>
    <ClCompile Include="..\src\ofxMachineVision\Grabber\Simple.cpp">
      <Filter>src\ofxMachineVision\Grabber</Filter>
    </ClCompile>
    <ClCompile Include="..\src\ofxMachineVision\Stream\Recorder.cpp">
      <Filter>src\ofxMachineVision\Stream</Filter>
    </ClCompile>
    <ClCompile Include="..\src\ofxMachineVision\Frame.cpp">
      <Filter>src\ofxMachineVision</Filter>
    </ClCompile>
    <ClCompile Include="..\src\ofxMachineVision\Stream\DiskStreamer.cpp">
      <Filter>src\ofxMachineVision\Stream</Filter>
    </ClCompile>
    <ClCompile Include="..\src\ofxMachineVision.cpp">
      <Filter>src</Filter>
    </ClCompile>
    <ClCompile Include="..\src\ofxMachineVision\Utils\ActionQueueThread.cpp">
      <Filter>src\ofxMachineVision\Utils</Filter>
    </ClCompile>
    <ClCompile Include="..\src\ofxMachineVision\Grabber\Base.cpp">
      <Filter>src\ofxMachineVision\Grabber</Filter>
    </ClCompile>
    <ClCompile Include="..\src\ofxMachineVision\Device\VideoInput.cpp">
      <Filter>src\ofxMachineVision\Device</Filter>
    </ClCompile>
    <ClCompile Include="..\src\ofxMachineVision\Device\FactoryRegister.cpp">
      <Filter>src\ofxMachineVision\Device</Filter>
    </ClCompile>
    <ClCompile Include="..\src\ofxMachineVision\Device\NullDevice.cpp">
      <Filter>src\ofxMachineVision\Device</Filter>
    </ClCompile>
    <ClCompile Include="..\src\ofxMachineVision\Device\Base.cpp">
      <Filter>src\ofxMachineVision\Device</Filter>
    </ClCompile>
    <ClCompile Include="..\src\ofxMachineVision\Device\VideoPlayer.cpp">
      <Filter>src\ofxMachineVision\Device</Filter>
    </ClCompile>
    <ClCompile Include="..\src\ofxMachineVision\Parameter.cpp">
      <Filter>src\ofxMachineVision</Filter>
    </ClCompile>
    <ClCompile Include="..\src\ofxMachineVision\Utils\FramePool.cpp">
      <Filter>src\ofxMachineVision\Utils</Filter>
    </ClCompile>
  </ItemGroup>
</Project>